
Microsoft Visual Studio Solution File, Format Version 12.00
# Visual Studio Version 17
VisualStudioVersion = 17.2.32516.85
MinimumVisualStudioVersion = 10.0.40219.1
Project("{FAE04EC0-301F-11D3-BF4B-00C04F79EFBC}") = "DataAccess", "DataAccess\DataAccess.csproj", "{37E8C590-403A-41CD-8A76-8EB3FED3DCC9}"
EndProject
Project("{FAE04EC0-301F-11D3-BF4B-00C04F79EFBC}") = "Business", "Business\Business.csproj", "{68BDCCD6-64B4-4B74-87B0-A0055F9F1853}"
EndProject
Project("{FAE04EC0-301F-11D3-BF4B-00C04F79EFBC}") = "Entities", "Entities\Entities.csproj", "{F0BFF4DF-25B0-441F-AD48-7398A006B8E7}"
EndProject
Project("{FAE04EC0-301F-11D3-BF4B-00C04F79EFBC}") = "ConsoleUI", "ConsoleUI\ConsoleUI.csproj", "{7681E90D-0DF8-44EB-BB46-36347A920BF5}"
EndProject
Global
	GlobalSection(SolutionConfigurationPlatforms) = preSolution
		Debug|Any CPU = Debug|Any CPU
		Release|Any CPU = Release|Any CPU
	EndGlobalSection
	GlobalSection(ProjectConfigurationPlatforms) = postSolution
		{37E8C590-403A-41CD-8A76-8EB3FED3DCC9}.Debug|Any CPU.ActiveCfg = Debug|Any CPU
		{37E8C590-403A-41CD-8A76-8EB3FED3DCC9}.Debug|Any CPU.Build.0 = Debug|Any CPU
		{37E8C590-403A-41CD-8A76-8EB3FED3DCC9}.Release|Any CPU.ActiveCfg = Release|Any CPU
		{37E8C590-403A-41CD-8A76-8EB3FED3DCC9}.Release|Any CPU.Build.0 = Release|Any CPU
		{68BDCCD6-64B4-4B74-87B0-A0055F9F1853}.Debug|Any CPU.ActiveCfg = Debug|Any CPU
		{68BDCCD6-64B4-4B74-87B0-A0055F9F1853}.Debug|Any CPU.Build.0 = Debug|Any CPU
		{68BDCCD6-64B4-4B74-87B0-A0055F9F1853}.Release|Any CPU.ActiveCfg = Release|Any CPU
		{68BDCCD6-64B4-4B74-87B0-A0055F9F1853}.Release|Any CPU.Build.0 = Release|Any CPU
		{F0BFF4DF-25B0-441F-AD48-7398A006B8E7}.Debug|Any CPU.ActiveCfg = Debug|Any CPU
		{F0BFF4DF-25B0-441F-AD48-7398A006B8E7}.Debug|Any CPU.Build.0 = Debug|Any CPU
		{F0BFF4DF-25B0-441F-AD48-7398A006B8E7}.Release|Any CPU.ActiveCfg = Release|Any CPU
		{F0BFF4DF-25B0-441F-AD48-7398A006B8E7}.Release|Any CPU.Build.0 = Release|Any CPU
		{7681E90D-0DF8-44EB-BB46-36347A920BF5}.Debug|Any CPU.ActiveCfg = Debug|Any CPU
		{7681E90D-0DF8-44EB-BB46-36347A920BF5}.Debug|Any CPU.Build.0 = Debug|Any CPU
		{7681E90D-0DF8-44EB-BB46-36347A920BF5}.Release|Any CPU.ActiveCfg = Release|Any CPU
		{7681E90D-0DF8-44EB-BB46-36347A920BF5}.Release|Any CPU.Build.0 = Release|Any CPU
	EndGlobalSection
	GlobalSection(SolutionProperties) = preSolution
		HideSolutionNode = FALSE
	EndGlobalSection
	GlobalSection(ExtensibilityGlobals) = postSolution
		SolutionGuid = {9630A4DE-BEA5-4450-A50F-614535F54496}
	EndGlobalSection
EndGlobal
